
Microsoft Visual Studio Solution File, Format Version 12.00
# Visual Studio Version 16
VisualStudioVersion = 16.0.30804.86
MinimumVisualStudioVersion = 10.0.40219.1
Project("{FAE04EC0-301F-11D3-BF4B-00C04F79EFBC}") = "Siscomex", "Siscomex\Siscomex.csproj", "{28E4DD8C-3851-4DFA-8568-67D72CD8039B}"
EndProject
Project("{2150E333-8FDC-42A3-9474-1A3956D46DE8}") = "ConsultaPLI", "ConsultaPLI", "{A7AFB07E-764C-4438-B2A0-CC7FF01FB86B}"
EndProject
Project("{2150E333-8FDC-42A3-9474-1A3956D46DE8}") = "Shared", "Shared", "{91D15DFE-E579-4060-9349-2A04F8B1A5E0}"
EndProject
Project("{FAE04EC0-301F-11D3-BF4B-00C04F79EFBC}") = "Siscomex.Shared", "Shared\Siscomex.Shared\Siscomex.Shared.csproj", "{A7253B8B-2B72-4993-B14C-D09C3CD83FB6}"
EndProject
Project("{FAE04EC0-301F-11D3-BF4B-00C04F79EFBC}") = "Siscomex.ConsultaPLI.Console", "ConsultaPLI\Siscomex.ConsultaPLI.Console\Siscomex.ConsultaPLI.Console.csproj", "{3DED8DC4-B092-43EC-8AF9-EF68F5E6B3A6}"
EndProject
Project("{FAE04EC0-301F-11D3-BF4B-00C04F79EFBC}") = "Siscomex.ConsultaPLI.Lib", "ConsultaPLI\Siscomex.ConsultaPLI.Lib\Siscomex.ConsultaPLI.Lib.csproj", "{9037D6EF-0483-4035-A8B0-1FC25BB91623}"
EndProject
Project("{9A19103F-16F7-4668-BE54-9A1E7A4F7556}") = "SimpleBrowser", "Shared\SimpleBrowser-master\SimpleBrowser\SimpleBrowser.csproj", "{6CDF9A0C-48A7-4F94-917E-D90659414123}"
EndProject
Project("{FAE04EC0-301F-11D3-BF4B-00C04F79EFBC}") = "SimpleBrowser.WebDriver", "Shared\SimpleBrowser.WebDriver-master\SimpleBrowser.WebDriver\SimpleBrowser.WebDriver.csproj", "{F456D22E-4D9B-46FB-92D2-A7EFD4540E06}"
EndProject
Global
	GlobalSection(SolutionConfigurationPlatforms) = preSolution
		Debug|Any CPU = Debug|Any CPU
		Release|Any CPU = Release|Any CPU
	EndGlobalSection
	GlobalSection(ProjectConfigurationPlatforms) = postSolution
		{28E4DD8C-3851-4DFA-8568-67D72CD8039B}.Debug|Any CPU.ActiveCfg = Debug|Any CPU
		{28E4DD8C-3851-4DFA-8568-67D72CD8039B}.Debug|Any CPU.Build.0 = Debug|Any CPU
		{28E4DD8C-3851-4DFA-8568-67D72CD8039B}.Release|Any CPU.ActiveCfg = Release|Any CPU
		{28E4DD8C-3851-4DFA-8568-67D72CD8039B}.Release|Any CPU.Build.0 = Release|Any CPU
		{A7253B8B-2B72-4993-B14C-D09C3CD83FB6}.Debug|Any CPU.ActiveCfg = Debug|Any CPU
		{A7253B8B-2B72-4993-B14C-D09C3CD83FB6}.Debug|Any CPU.Build.0 = Debug|Any CPU
		{A7253B8B-2B72-4993-B14C-D09C3CD83FB6}.Release|Any CPU.ActiveCfg = Release|Any CPU
		{A7253B8B-2B72-4993-B14C-D09C3CD83FB6}.Release|Any CPU.Build.0 = Release|Any CPU
		{3DED8DC4-B092-43EC-8AF9-EF68F5E6B3A6}.Debug|Any CPU.ActiveCfg = Debug|Any CPU
		{3DED8DC4-B092-43EC-8AF9-EF68F5E6B3A6}.Debug|Any CPU.Build.0 = Debug|Any CPU
		{3DED8DC4-B092-43EC-8AF9-EF68F5E6B3A6}.Release|Any CPU.ActiveCfg = Release|Any CPU
		{3DED8DC4-B092-43EC-8AF9-EF68F5E6B3A6}.Release|Any CPU.Build.0 = Release|Any CPU
		{9037D6EF-0483-4035-A8B0-1FC25BB91623}.Debug|Any CPU.ActiveCfg = Debug|Any CPU
		{9037D6EF-0483-4035-A8B0-1FC25BB91623}.Debug|Any CPU.Build.0 = Debug|Any CPU
		{9037D6EF-0483-4035-A8B0-1FC25BB91623}.Release|Any CPU.ActiveCfg = Release|Any CPU
		{9037D6EF-0483-4035-A8B0-1FC25BB91623}.Release|Any CPU.Build.0 = Release|Any CPU
		{6CDF9A0C-48A7-4F94-917E-D90659414123}.Debug|Any CPU.ActiveCfg = Debug|Any CPU
		{6CDF9A0C-48A7-4F94-917E-D90659414123}.Debug|Any CPU.Build.0 = Debug|Any CPU
		{6CDF9A0C-48A7-4F94-917E-D90659414123}.Release|Any CPU.ActiveCfg = Release|Any CPU
		{6CDF9A0C-48A7-4F94-917E-D90659414123}.Release|Any CPU.Build.0 = Release|Any CPU
		{F456D22E-4D9B-46FB-92D2-A7EFD4540E06}.Debug|Any CPU.ActiveCfg = Debug|Any CPU
		{F456D22E-4D9B-46FB-92D2-A7EFD4540E06}.Debug|Any CPU.Build.0 = Debug|Any CPU
		{F456D22E-4D9B-46FB-92D2-A7EFD4540E06}.Release|Any CPU.ActiveCfg = Release|Any CPU
		{F456D22E-4D9B-46FB-92D2-A7EFD4540E06}.Release|Any CPU.Build.0 = Release|Any CPU
	EndGlobalSection
	GlobalSection(SolutionProperties) = preSolution
		HideSolutionNode = FALSE
	EndGlobalSection
	GlobalSection(NestedProjects) = preSolution
		{A7253B8B-2B72-4993-B14C-D09C3CD83FB6} = {91D15DFE-E579-4060-9349-2A04F8B1A5E0}
		{3DED8DC4-B092-43EC-8AF9-EF68F5E6B3A6} = {A7AFB07E-764C-4438-B2A0-CC7FF01FB86B}
		{9037D6EF-0483-4035-A8B0-1FC25BB91623} = {A7AFB07E-764C-4438-B2A0-CC7FF01FB86B}
		{6CDF9A0C-48A7-4F94-917E-D90659414123} = {91D15DFE-E579-4060-9349-2A04F8B1A5E0}
		{F456D22E-4D9B-46FB-92D2-A7EFD4540E06} = {91D15DFE-E579-4060-9349-2A04F8B1A5E0}
	EndGlobalSection
	GlobalSection(ExtensibilityGlobals) = postSolution
		SolutionGuid = {77941D47-2EFE-4E41-997A-7217E933B981}
	EndGlobalSection
EndGlobal
