
Microsoft Visual Studio Solution File, Format Version 12.00
# Visual Studio Version 16
VisualStudioVersion = 16.0.30804.86
MinimumVisualStudioVersion = 10.0.40219.1
Project("{FAE04EC0-301F-11D3-BF4B-00C04F79EFBC}") = "Siscomex", "Siscomex\Siscomex.csproj", "{28E4DD8C-3851-4DFA-8568-67D72CD8039B}"
EndProject
Project("{2150E333-8FDC-42A3-9474-1A3956D46DE8}") = "ConsultaPLI", "ConsultaPLI", "{A7AFB07E-764C-4438-B2A0-CC7FF01FB86B}"
EndProject
Project("{FAE04EC0-301F-11D3-BF4B-00C04F79EFBC}") = "Siscomex.ConsultaPLI.Console", "Siscomex.ConsultaPLI.Console\Siscomex.ConsultaPLI.Console.csproj", "{4DB93A0C-FD09-4975-9B75-B02DF9D0D5F3}"
EndProject
Project("{FAE04EC0-301F-11D3-BF4B-00C04F79EFBC}") = "Siscomex.ConsultaPLI.Lib", "Siscomex.ConsultaPLI.Lib\Siscomex.ConsultaPLI.Lib.csproj", "{69235A2F-A3A8-4067-BEC2-42C318855964}"
EndProject
Project("{FAE04EC0-301F-11D3-BF4B-00C04F79EFBC}") = "Siscomex.Shared", "Siscomex.Shared\Siscomex.Shared.csproj", "{393ED81B-E5F1-40CA-89EE-D28C5F79C053}"
EndProject
Global
	GlobalSection(SolutionConfigurationPlatforms) = preSolution
		Debug|Any CPU = Debug|Any CPU
		Release|Any CPU = Release|Any CPU
	EndGlobalSection
	GlobalSection(ProjectConfigurationPlatforms) = postSolution
		{28E4DD8C-3851-4DFA-8568-67D72CD8039B}.Debug|Any CPU.ActiveCfg = Debug|Any CPU
		{28E4DD8C-3851-4DFA-8568-67D72CD8039B}.Debug|Any CPU.Build.0 = Debug|Any CPU
		{28E4DD8C-3851-4DFA-8568-67D72CD8039B}.Release|Any CPU.ActiveCfg = Release|Any CPU
		{28E4DD8C-3851-4DFA-8568-67D72CD8039B}.Release|Any CPU.Build.0 = Release|Any CPU
		{4DB93A0C-FD09-4975-9B75-B02DF9D0D5F3}.Debug|Any CPU.ActiveCfg = Debug|Any CPU
		{4DB93A0C-FD09-4975-9B75-B02DF9D0D5F3}.Debug|Any CPU.Build.0 = Debug|Any CPU
		{4DB93A0C-FD09-4975-9B75-B02DF9D0D5F3}.Release|Any CPU.ActiveCfg = Release|Any CPU
		{4DB93A0C-FD09-4975-9B75-B02DF9D0D5F3}.Release|Any CPU.Build.0 = Release|Any CPU
		{69235A2F-A3A8-4067-BEC2-42C318855964}.Debug|Any CPU.ActiveCfg = Debug|Any CPU
		{69235A2F-A3A8-4067-BEC2-42C318855964}.Debug|Any CPU.Build.0 = Debug|Any CPU
		{69235A2F-A3A8-4067-BEC2-42C318855964}.Release|Any CPU.ActiveCfg = Release|Any CPU
		{69235A2F-A3A8-4067-BEC2-42C318855964}.Release|Any CPU.Build.0 = Release|Any CPU
		{393ED81B-E5F1-40CA-89EE-D28C5F79C053}.Debug|Any CPU.ActiveCfg = Debug|Any CPU
		{393ED81B-E5F1-40CA-89EE-D28C5F79C053}.Debug|Any CPU.Build.0 = Debug|Any CPU
		{393ED81B-E5F1-40CA-89EE-D28C5F79C053}.Release|Any CPU.ActiveCfg = Release|Any CPU
		{393ED81B-E5F1-40CA-89EE-D28C5F79C053}.Release|Any CPU.Build.0 = Release|Any CPU
	EndGlobalSection
	GlobalSection(SolutionProperties) = preSolution
		HideSolutionNode = FALSE
	EndGlobalSection
	GlobalSection(NestedProjects) = preSolution
		{4DB93A0C-FD09-4975-9B75-B02DF9D0D5F3} = {A7AFB07E-764C-4438-B2A0-CC7FF01FB86B}
		{69235A2F-A3A8-4067-BEC2-42C318855964} = {A7AFB07E-764C-4438-B2A0-CC7FF01FB86B}
	EndGlobalSection
	GlobalSection(ExtensibilityGlobals) = postSolution
		SolutionGuid = {77941D47-2EFE-4E41-997A-7217E933B981}
	EndGlobalSection
EndGlobal
